
Microsoft Visual Studio Solution File, Format Version 12.00
Project("{2150E333-8FDC-42A3-9474-1A3956D46DE8}") = "Domain", "Domain", "{A43B190D-AB0F-4269-AAED-E3988E38A4D2}"
EndProject
Project("{2150E333-8FDC-42A3-9474-1A3956D46DE8}") = "Infrastructure", "Infrastructure", "{F583ECAB-2175-4D69-A272-C6ED2D13DAE1}"
EndProject
Project("{2150E333-8FDC-42A3-9474-1A3956D46DE8}") = "WebLevel", "WebLevel", "{16033FAE-F387-4121-9896-C524E33C17AA}"
EndProject
Project("{FAE04EC0-301F-11D3-BF4B-00C04F79EFBC}") = "WebLevel", "WebLevel\WebLevel.csproj", "{D5090F7C-4206-4401-91EE-6975C8839817}"
EndProject
Project("{FAE04EC0-301F-11D3-BF4B-00C04F79EFBC}") = "DTO", "DTO\DTO.csproj", "{3EF3AFE7-BEB7-47E2-A769-A241061EFFCC}"
EndProject
Project("{FAE04EC0-301F-11D3-BF4B-00C04F79EFBC}") = "Interfaces", "Interfaces\Interfaces.csproj", "{CFA7B434-B6A7-440A-B882-CBAB5D58EB04}"
EndProject
Project("{FAE04EC0-301F-11D3-BF4B-00C04F79EFBC}") = "Bussines.MailServices", "Bussines.MailServices\Bussines.MailServices.csproj", "{3CFB0001-61E1-4C6D-AEF7-05D123D61916}"
EndProject
Global
	GlobalSection(SolutionConfigurationPlatforms) = preSolution
		Debug|Any CPU = Debug|Any CPU
		Release|Any CPU = Release|Any CPU
	EndGlobalSection
	GlobalSection(NestedProjects) = preSolution
		{D5090F7C-4206-4401-91EE-6975C8839817} = {16033FAE-F387-4121-9896-C524E33C17AA}
		{3EF3AFE7-BEB7-47E2-A769-A241061EFFCC} = {A43B190D-AB0F-4269-AAED-E3988E38A4D2}
		{CFA7B434-B6A7-440A-B882-CBAB5D58EB04} = {A43B190D-AB0F-4269-AAED-E3988E38A4D2}
		{3CFB0001-61E1-4C6D-AEF7-05D123D61916} = {F583ECAB-2175-4D69-A272-C6ED2D13DAE1}
	EndGlobalSection
	GlobalSection(ProjectConfigurationPlatforms) = postSolution
		{D5090F7C-4206-4401-91EE-6975C8839817}.Debug|Any CPU.ActiveCfg = Debug|Any CPU
		{D5090F7C-4206-4401-91EE-6975C8839817}.Debug|Any CPU.Build.0 = Debug|Any CPU
		{D5090F7C-4206-4401-91EE-6975C8839817}.Release|Any CPU.ActiveCfg = Release|Any CPU
		{D5090F7C-4206-4401-91EE-6975C8839817}.Release|Any CPU.Build.0 = Release|Any CPU
		{3EF3AFE7-BEB7-47E2-A769-A241061EFFCC}.Debug|Any CPU.ActiveCfg = Debug|Any CPU
		{3EF3AFE7-BEB7-47E2-A769-A241061EFFCC}.Debug|Any CPU.Build.0 = Debug|Any CPU
		{3EF3AFE7-BEB7-47E2-A769-A241061EFFCC}.Release|Any CPU.ActiveCfg = Release|Any CPU
		{3EF3AFE7-BEB7-47E2-A769-A241061EFFCC}.Release|Any CPU.Build.0 = Release|Any CPU
		{CFA7B434-B6A7-440A-B882-CBAB5D58EB04}.Debug|Any CPU.ActiveCfg = Debug|Any CPU
		{CFA7B434-B6A7-440A-B882-CBAB5D58EB04}.Debug|Any CPU.Build.0 = Debug|Any CPU
		{CFA7B434-B6A7-440A-B882-CBAB5D58EB04}.Release|Any CPU.ActiveCfg = Release|Any CPU
		{CFA7B434-B6A7-440A-B882-CBAB5D58EB04}.Release|Any CPU.Build.0 = Release|Any CPU
		{3CFB0001-61E1-4C6D-AEF7-05D123D61916}.Debug|Any CPU.ActiveCfg = Debug|Any CPU
		{3CFB0001-61E1-4C6D-AEF7-05D123D61916}.Debug|Any CPU.Build.0 = Debug|Any CPU
		{3CFB0001-61E1-4C6D-AEF7-05D123D61916}.Release|Any CPU.ActiveCfg = Release|Any CPU
		{3CFB0001-61E1-4C6D-AEF7-05D123D61916}.Release|Any CPU.Build.0 = Release|Any CPU
	EndGlobalSection
EndGlobal
